// !$*UTF8*$!
{
	archiveVersion = 1;
	classes = {
	};
	objectVersion = 55;
	objects = {

/* Begin PBXFileReference section */
		DD3EB3562870BECE0031089B /* basic-operators.playground */ = {isa = PBXFileReference; lastKnownFileType = file.playground; path = "basic-operators.playground"; sourceTree = "<group>"; xcLanguageSpecificationIdentifier = xcode.lang.swift; };
		DD3EB3572870C5DE0031089B /* strings-and-characters.playground */ = {isa = PBXFileReference; lastKnownFileType = file.playground; path = "strings-and-characters.playground"; sourceTree = "<group>"; xcLanguageSpecificationIdentifier = xcode.lang.swift; };
/* End PBXFileReference section */

/* Begin PBXGroup section */
		DD3EB34E2870B1F60031089B = {
			isa = PBXGroup;
			children = (
				DD3EB3562870BECE0031089B /* basic-operators.playground */,
				DD3EB3572870C5DE0031089B /* strings-and-characters.playground */,
			);
			sourceTree = "<group>";
		};
/* End PBXGroup section */

/* Begin PBXProject section */
		DD3EB34F2870B1F60031089B /* Project object */ = {
			isa = PBXProject;
			attributes = {
				BuildIndependentTargetsInParallel = 1;
				LastUpgradeCheck = 1340;
			};
			buildConfigurationList = DD3EB3522870B1F60031089B /* Build configuration list for PBXProject "swift-study" */;
			compatibilityVersion = "Xcode 13.0";
			developmentRegion = en;
			hasScannedForEncodings = 0;
			knownRegions = (
				en,
				Base,
			);
			mainGroup = DD3EB34E2870B1F60031089B;
			projectDirPath = "";
			projectRoot = "";
			targets = (
			);
		};
/* End PBXProject section */

/* Begin XCBuildConfiguration section */
		DD3EB3532870B1F60031089B /* Debug */ = {
			isa = XCBuildConfiguration;
			buildSettings = {
			};
			name = Debug;
		};
		DD3EB3542870B1F60031089B /* Release */ = {
			isa = XCBuildConfiguration;
			buildSettings = {
			};
			name = Release;
		};
/* End XCBuildConfiguration section */

/* Begin XCConfigurationList section */
		DD3EB3522870B1F60031089B /* Build configuration list for PBXProject "swift-study" */ = {
			isa = XCConfigurationList;
			buildConfigurations = (
				DD3EB3532870B1F60031089B /* Debug */,
				DD3EB3542870B1F60031089B /* Release */,
			);
			defaultConfigurationIsVisible = 0;
			defaultConfigurationName = Release;
		};
/* End XCConfigurationList section */
	};
	rootObject = DD3EB34F2870B1F60031089B /* Project object */;
}
